
Microsoft Visual Studio Solution File, Format Version 12.00
# Visual Studio Version 17
VisualStudioVersion = 17.7.34009.444
MinimumVisualStudioVersion = 10.0.40219.1
Project("{FAE04EC0-301F-11D3-BF4B-00C04F79EFBC}") = "Xeni", "Xeni\Xeni.csproj", "{807F28B8-7E84-464D-8322-E000A41ADB48}"
EndProject
Project("{54435603-DBB4-11D2-8724-00A0C9A8B90C}") = "Kurulum", "Kurulum\Kurulum.vdproj", "{87EFE5B9-BC34-48F3-AEE5-ECCC0AAC97A4}"
EndProject
Global
	GlobalSection(SolutionConfigurationPlatforms) = preSolution
		Debug|Any CPU = Debug|Any CPU
		Release|Any CPU = Release|Any CPU
	EndGlobalSection
	GlobalSection(ProjectConfigurationPlatforms) = postSolution
		{807F28B8-7E84-464D-8322-E000A41ADB48}.Debug|Any CPU.ActiveCfg = Debug|Any CPU
		{807F28B8-7E84-464D-8322-E000A41ADB48}.Debug|Any CPU.Build.0 = Debug|Any CPU
		{807F28B8-7E84-464D-8322-E000A41ADB48}.Release|Any CPU.ActiveCfg = Release|Any CPU
		{807F28B8-7E84-464D-8322-E000A41ADB48}.Release|Any CPU.Build.0 = Release|Any CPU
		{87EFE5B9-BC34-48F3-AEE5-ECCC0AAC97A4}.Debug|Any CPU.ActiveCfg = Debug
		{87EFE5B9-BC34-48F3-AEE5-ECCC0AAC97A4}.Release|Any CPU.ActiveCfg = Release
	EndGlobalSection
	GlobalSection(SolutionProperties) = preSolution
		HideSolutionNode = FALSE
	EndGlobalSection
	GlobalSection(ExtensibilityGlobals) = postSolution
		SolutionGuid = {08CF99E1-278C-4058-9C5F-0E90C41E67E9}
	EndGlobalSection
EndGlobal
